
Microsoft Visual Studio Solution File, Format Version 12.00
# Visual Studio Version 16
VisualStudioVersion = 16.0.32901.82
MinimumVisualStudioVersion = 10.0.40219.1
Project("{FAE04EC0-301F-11D3-BF4B-00C04F79EFBC}") = "TextShorten", "TextShorten\TextShorten.csproj", "{670BA723-685D-4679-A36A-829DAEC0D778}"
EndProject
Global
	GlobalSection(SolutionConfigurationPlatforms) = preSolution
		Debug|Any CPU = Debug|Any CPU
		Release|Any CPU = Release|Any CPU
	EndGlobalSection
	GlobalSection(ProjectConfigurationPlatforms) = postSolution
		{670BA723-685D-4679-A36A-829DAEC0D778}.Debug|Any CPU.ActiveCfg = Debug|Any CPU
		{670BA723-685D-4679-A36A-829DAEC0D778}.Debug|Any CPU.Build.0 = Debug|Any CPU
		{670BA723-685D-4679-A36A-829DAEC0D778}.Release|Any CPU.ActiveCfg = Release|Any CPU
		{670BA723-685D-4679-A36A-829DAEC0D778}.Release|Any CPU.Build.0 = Release|Any CPU
	EndGlobalSection
	GlobalSection(SolutionProperties) = preSolution
		HideSolutionNode = FALSE
	EndGlobalSection
	GlobalSection(ExtensibilityGlobals) = postSolution
		SolutionGuid = {37C33903-456A-4D08-B722-92959B39CCF3}
	EndGlobalSection
EndGlobal
